
Microsoft Visual Studio Solution File, Format Version 10.00
# Visual Studio 2008
Project("{8BC9CEB8-8B4A-11D0-8D11-00A0C91BC942}") = "TBBRecover", "TBBRecover\TBBRecover.vcproj", "{DDEAD551-1899-46E6-8D77-4624CF22B127}"
	ProjectSection(ProjectDependencies) = postProject
		{6E39EE9A-CFF8-4CBE-B15D-E12D8F6A4D90} = {6E39EE9A-CFF8-4CBE-B15D-E12D8F6A4D90}
	EndProjectSection
EndProject
Project("{8BC9CEB8-8B4A-11D0-8D11-00A0C91BC942}") = "W32Lib", "W32Lib\W32Lib.vcproj", "{6E39EE9A-CFF8-4CBE-B15D-E12D8F6A4D90}"
EndProject
Project("{8BC9CEB8-8B4A-11D0-8D11-00A0C91BC942}") = "WinApp", "WinApp\WinApp.vcproj", "{2F1E2262-3846-43FE-95EC-2F57A840D764}"
	ProjectSection(ProjectDependencies) = postProject
		{6E39EE9A-CFF8-4CBE-B15D-E12D8F6A4D90} = {6E39EE9A-CFF8-4CBE-B15D-E12D8F6A4D90}
	EndProjectSection
EndProject
Project("{8BC9CEB8-8B4A-11D0-8D11-00A0C91BC942}") = "Rawer", "Rawer\Rawer.vcproj", "{3B84DB12-D113-456B-BD1F-9F865D898475}"
	ProjectSection(ProjectDependencies) = postProject
		{6E39EE9A-CFF8-4CBE-B15D-E12D8F6A4D90} = {6E39EE9A-CFF8-4CBE-B15D-E12D8F6A4D90}
	EndProjectSection
EndProject
Project("{8BC9CEB8-8B4A-11D0-8D11-00A0C91BC942}") = "MPEG2raw", "MPEG2raw\MPEG2raw.vcproj", "{AEBFB3E4-051E-4747-9593-65468D73183C}"
	ProjectSection(ProjectDependencies) = postProject
		{6E39EE9A-CFF8-4CBE-B15D-E12D8F6A4D90} = {6E39EE9A-CFF8-4CBE-B15D-E12D8F6A4D90}
	EndProjectSection
EndProject
Project("{8BC9CEB8-8B4A-11D0-8D11-00A0C91BC942}") = "ole", "ole\ole.vcproj", "{5621A3B4-6DAE-41BC-BB72-FD155C5ADB6A}"
EndProject
Project("{8BC9CEB8-8B4A-11D0-8D11-00A0C91BC942}") = "HideMsg", "HideMsg\HideMsg.vcproj", "{53E81EF2-98F5-4D6E-98A5-9F3D5AB9E1A5}"
EndProject
Project("{8BC9CEB8-8B4A-11D0-8D11-00A0C91BC942}") = "KeyHook", "keyHook\keyHook.vcproj", "{94FF9ECA-CAB8-4292-8587-2607331A970D}"
EndProject
Project("{8BC9CEB8-8B4A-11D0-8D11-00A0C91BC942}") = "ConsoleApp", "ConsoleApp\ConsoleApp.vcproj", "{7AAB5B64-D881-4E5A-AAB1-9670416446A6}"
	ProjectSection(ProjectDependencies) = postProject
		{6E39EE9A-CFF8-4CBE-B15D-E12D8F6A4D90} = {6E39EE9A-CFF8-4CBE-B15D-E12D8F6A4D90}
	EndProjectSection
EndProject
Project("{8BC9CEB8-8B4A-11D0-8D11-00A0C91BC942}") = "DocRenamer", "DocRenamer\DocRenamer.vcproj", "{6E5525EC-5426-4196-B907-CF20D799AB6A}"
	ProjectSection(ProjectDependencies) = postProject
		{6E39EE9A-CFF8-4CBE-B15D-E12D8F6A4D90} = {6E39EE9A-CFF8-4CBE-B15D-E12D8F6A4D90}
	EndProjectSection
EndProject
Project("{8BC9CEB8-8B4A-11D0-8D11-00A0C91BC942}") = "Synchro", "Synchro\Synchro.vcproj", "{1F500ECC-8544-4C7D-ABFF-58AE42E57246}"
EndProject
Project("{8BC9CEB8-8B4A-11D0-8D11-00A0C91BC942}") = "Number", "Number\Number.vcproj", "{39546269-4603-447E-9952-7DDFD5F6857E}"
EndProject
Project("{8BC9CEB8-8B4A-11D0-8D11-00A0C91BC942}") = "ExtRenamer", "ExtRenamer\ExtRenamer.vcproj", "{150EAE06-E9A4-4A40-933D-08897A5BEE1E}"
EndProject
Project("{8BC9CEB8-8B4A-11D0-8D11-00A0C91BC942}") = "FlashDriveCopy", "FlashDriveCopy\FlashDriveCopy.vcproj", "{3A79AFE2-4259-450C-94C5-4205B890A36F}"
EndProject
Project("{8BC9CEB8-8B4A-11D0-8D11-00A0C91BC942}") = "test_server", "test_server\test_server.vcproj", "{D49D30DB-98A8-478B-AA37-6899540628E6}"
EndProject
Project("{8BC9CEB8-8B4A-11D0-8D11-00A0C91BC942}") = "test_client", "test_client\test_client.vcproj", "{9BF6C364-014A-4020-B8F5-4C801C4FCBFB}"
EndProject
Project("{8BC9CEB8-8B4A-11D0-8D11-00A0C91BC942}") = "EPSRecover", "EPSRecover\EPSRecover.vcproj", "{EB2109BA-50A7-4CF0-8613-37F6E342DF27}"
	ProjectSection(ProjectDependencies) = postProject
		{6E39EE9A-CFF8-4CBE-B15D-E12D8F6A4D90} = {6E39EE9A-CFF8-4CBE-B15D-E12D8F6A4D90}
	EndProjectSection
EndProject
Project("{8BC9CEB8-8B4A-11D0-8D11-00A0C91BC942}") = "RAIDTools", "RAIDTools\RAIDTools.vcproj", "{615C3932-8075-4BDA-82C9-83178B4B625F}"
	ProjectSection(ProjectDependencies) = postProject
		{6E39EE9A-CFF8-4CBE-B15D-E12D8F6A4D90} = {6E39EE9A-CFF8-4CBE-B15D-E12D8F6A4D90}
	EndProjectSection
EndProject
Project("{8BC9CEB8-8B4A-11D0-8D11-00A0C91BC942}") = "NANDReader", "NANDReader\NANDReader.vcproj", "{8A66A16F-090F-43BF-AB58-CD39C9AA36D2}"
EndProject
Project("{8BC9CEB8-8B4A-11D0-8D11-00A0C91BC942}") = "FlashReader", "FlashReader\FlashReader.vcproj", "{C464024F-1477-4C35-8E44-8C54C88C4DF1}"
EndProject
Global
	GlobalSection(SolutionConfigurationPlatforms) = preSolution
		Debug|Win32 = Debug|Win32
		Release|Win32 = Release|Win32
	EndGlobalSection
	GlobalSection(ProjectConfigurationPlatforms) = postSolution
		{DDEAD551-1899-46E6-8D77-4624CF22B127}.Debug|Win32.ActiveCfg = Debug|Win32
		{DDEAD551-1899-46E6-8D77-4624CF22B127}.Debug|Win32.Build.0 = Debug|Win32
		{DDEAD551-1899-46E6-8D77-4624CF22B127}.Release|Win32.ActiveCfg = Release|Win32
		{DDEAD551-1899-46E6-8D77-4624CF22B127}.Release|Win32.Build.0 = Release|Win32
		{6E39EE9A-CFF8-4CBE-B15D-E12D8F6A4D90}.Debug|Win32.ActiveCfg = Debug|Win32
		{6E39EE9A-CFF8-4CBE-B15D-E12D8F6A4D90}.Debug|Win32.Build.0 = Debug|Win32
		{6E39EE9A-CFF8-4CBE-B15D-E12D8F6A4D90}.Release|Win32.ActiveCfg = Release|Win32
		{6E39EE9A-CFF8-4CBE-B15D-E12D8F6A4D90}.Release|Win32.Build.0 = Release|Win32
		{2F1E2262-3846-43FE-95EC-2F57A840D764}.Debug|Win32.ActiveCfg = Debug|Win32
		{2F1E2262-3846-43FE-95EC-2F57A840D764}.Debug|Win32.Build.0 = Debug|Win32
		{2F1E2262-3846-43FE-95EC-2F57A840D764}.Release|Win32.ActiveCfg = Release|Win32
		{2F1E2262-3846-43FE-95EC-2F57A840D764}.Release|Win32.Build.0 = Release|Win32
		{3B84DB12-D113-456B-BD1F-9F865D898475}.Debug|Win32.ActiveCfg = Debug|Win32
		{3B84DB12-D113-456B-BD1F-9F865D898475}.Debug|Win32.Build.0 = Debug|Win32
		{3B84DB12-D113-456B-BD1F-9F865D898475}.Release|Win32.ActiveCfg = Release|Win32
		{3B84DB12-D113-456B-BD1F-9F865D898475}.Release|Win32.Build.0 = Release|Win32
		{AEBFB3E4-051E-4747-9593-65468D73183C}.Debug|Win32.ActiveCfg = Debug|Win32
		{AEBFB3E4-051E-4747-9593-65468D73183C}.Debug|Win32.Build.0 = Debug|Win32
		{AEBFB3E4-051E-4747-9593-65468D73183C}.Release|Win32.ActiveCfg = Release|Win32
		{AEBFB3E4-051E-4747-9593-65468D73183C}.Release|Win32.Build.0 = Release|Win32
		{5621A3B4-6DAE-41BC-BB72-FD155C5ADB6A}.Debug|Win32.ActiveCfg = Debug|Win32
		{5621A3B4-6DAE-41BC-BB72-FD155C5ADB6A}.Debug|Win32.Build.0 = Debug|Win32
		{5621A3B4-6DAE-41BC-BB72-FD155C5ADB6A}.Release|Win32.ActiveCfg = Release|Win32
		{5621A3B4-6DAE-41BC-BB72-FD155C5ADB6A}.Release|Win32.Build.0 = Release|Win32
		{53E81EF2-98F5-4D6E-98A5-9F3D5AB9E1A5}.Debug|Win32.ActiveCfg = Debug|Win32
		{53E81EF2-98F5-4D6E-98A5-9F3D5AB9E1A5}.Debug|Win32.Build.0 = Debug|Win32
		{53E81EF2-98F5-4D6E-98A5-9F3D5AB9E1A5}.Release|Win32.ActiveCfg = Release|Win32
		{53E81EF2-98F5-4D6E-98A5-9F3D5AB9E1A5}.Release|Win32.Build.0 = Release|Win32
		{94FF9ECA-CAB8-4292-8587-2607331A970D}.Debug|Win32.ActiveCfg = Debug|Win32
		{94FF9ECA-CAB8-4292-8587-2607331A970D}.Debug|Win32.Build.0 = Debug|Win32
		{94FF9ECA-CAB8-4292-8587-2607331A970D}.Release|Win32.ActiveCfg = Release|Win32
		{94FF9ECA-CAB8-4292-8587-2607331A970D}.Release|Win32.Build.0 = Release|Win32
		{7AAB5B64-D881-4E5A-AAB1-9670416446A6}.Debug|Win32.ActiveCfg = Debug|Win32
		{7AAB5B64-D881-4E5A-AAB1-9670416446A6}.Debug|Win32.Build.0 = Debug|Win32
		{7AAB5B64-D881-4E5A-AAB1-9670416446A6}.Release|Win32.ActiveCfg = Release|Win32
		{7AAB5B64-D881-4E5A-AAB1-9670416446A6}.Release|Win32.Build.0 = Release|Win32
		{6E5525EC-5426-4196-B907-CF20D799AB6A}.Debug|Win32.ActiveCfg = Debug|Win32
		{6E5525EC-5426-4196-B907-CF20D799AB6A}.Debug|Win32.Build.0 = Debug|Win32
		{6E5525EC-5426-4196-B907-CF20D799AB6A}.Release|Win32.ActiveCfg = Release|Win32
		{6E5525EC-5426-4196-B907-CF20D799AB6A}.Release|Win32.Build.0 = Release|Win32
		{1F500ECC-8544-4C7D-ABFF-58AE42E57246}.Debug|Win32.ActiveCfg = Debug|Win32
		{1F500ECC-8544-4C7D-ABFF-58AE42E57246}.Debug|Win32.Build.0 = Debug|Win32
		{1F500ECC-8544-4C7D-ABFF-58AE42E57246}.Release|Win32.ActiveCfg = Release|Win32
		{1F500ECC-8544-4C7D-ABFF-58AE42E57246}.Release|Win32.Build.0 = Release|Win32
		{39546269-4603-447E-9952-7DDFD5F6857E}.Debug|Win32.ActiveCfg = Debug|Win32
		{39546269-4603-447E-9952-7DDFD5F6857E}.Debug|Win32.Build.0 = Debug|Win32
		{39546269-4603-447E-9952-7DDFD5F6857E}.Release|Win32.ActiveCfg = Release|Win32
		{39546269-4603-447E-9952-7DDFD5F6857E}.Release|Win32.Build.0 = Release|Win32
		{150EAE06-E9A4-4A40-933D-08897A5BEE1E}.Debug|Win32.ActiveCfg = Debug|Win32
		{150EAE06-E9A4-4A40-933D-08897A5BEE1E}.Debug|Win32.Build.0 = Debug|Win32
		{150EAE06-E9A4-4A40-933D-08897A5BEE1E}.Release|Win32.ActiveCfg = Release|Win32
		{150EAE06-E9A4-4A40-933D-08897A5BEE1E}.Release|Win32.Build.0 = Release|Win32
		{3A79AFE2-4259-450C-94C5-4205B890A36F}.Debug|Win32.ActiveCfg = Debug|Win32
		{3A79AFE2-4259-450C-94C5-4205B890A36F}.Debug|Win32.Build.0 = Debug|Win32
		{3A79AFE2-4259-450C-94C5-4205B890A36F}.Release|Win32.ActiveCfg = Release|Win32
		{3A79AFE2-4259-450C-94C5-4205B890A36F}.Release|Win32.Build.0 = Release|Win32
		{D49D30DB-98A8-478B-AA37-6899540628E6}.Debug|Win32.ActiveCfg = Debug|Win32
		{D49D30DB-98A8-478B-AA37-6899540628E6}.Debug|Win32.Build.0 = Debug|Win32
		{D49D30DB-98A8-478B-AA37-6899540628E6}.Release|Win32.ActiveCfg = Release|Win32
		{D49D30DB-98A8-478B-AA37-6899540628E6}.Release|Win32.Build.0 = Release|Win32
		{9BF6C364-014A-4020-B8F5-4C801C4FCBFB}.Debug|Win32.ActiveCfg = Debug|Win32
		{9BF6C364-014A-4020-B8F5-4C801C4FCBFB}.Debug|Win32.Build.0 = Debug|Win32
		{9BF6C364-014A-4020-B8F5-4C801C4FCBFB}.Release|Win32.ActiveCfg = Release|Win32
		{9BF6C364-014A-4020-B8F5-4C801C4FCBFB}.Release|Win32.Build.0 = Release|Win32
		{EB2109BA-50A7-4CF0-8613-37F6E342DF27}.Debug|Win32.ActiveCfg = Debug|Win32
		{EB2109BA-50A7-4CF0-8613-37F6E342DF27}.Debug|Win32.Build.0 = Debug|Win32
		{EB2109BA-50A7-4CF0-8613-37F6E342DF27}.Release|Win32.ActiveCfg = Release|Win32
		{EB2109BA-50A7-4CF0-8613-37F6E342DF27}.Release|Win32.Build.0 = Release|Win32
		{615C3932-8075-4BDA-82C9-83178B4B625F}.Debug|Win32.ActiveCfg = Debug|Win32
		{615C3932-8075-4BDA-82C9-83178B4B625F}.Debug|Win32.Build.0 = Debug|Win32
		{615C3932-8075-4BDA-82C9-83178B4B625F}.Release|Win32.ActiveCfg = Release|Win32
		{615C3932-8075-4BDA-82C9-83178B4B625F}.Release|Win32.Build.0 = Release|Win32
		{8A66A16F-090F-43BF-AB58-CD39C9AA36D2}.Debug|Win32.ActiveCfg = Debug|Win32
		{8A66A16F-090F-43BF-AB58-CD39C9AA36D2}.Debug|Win32.Build.0 = Debug|Win32
		{8A66A16F-090F-43BF-AB58-CD39C9AA36D2}.Release|Win32.ActiveCfg = Release|Win32
		{8A66A16F-090F-43BF-AB58-CD39C9AA36D2}.Release|Win32.Build.0 = Release|Win32
		{C464024F-1477-4C35-8E44-8C54C88C4DF1}.Debug|Win32.ActiveCfg = Debug|Win32
		{C464024F-1477-4C35-8E44-8C54C88C4DF1}.Debug|Win32.Build.0 = Debug|Win32
		{C464024F-1477-4C35-8E44-8C54C88C4DF1}.Release|Win32.ActiveCfg = Release|Win32
		{C464024F-1477-4C35-8E44-8C54C88C4DF1}.Release|Win32.Build.0 = Release|Win32
	EndGlobalSection
	GlobalSection(SolutionProperties) = preSolution
		HideSolutionNode = FALSE
	EndGlobalSection
EndGlobal
